<?xml version="1.0" encoding="utf-8"?>
<Project ToolsVersion="4.0" xmlns="http://schemas.microsoft.com/developer/msbuild/2003">
  <ItemGroup>
    <ClInclude Include="Player.h" />
    <ClInclude Include="PreCompile.h" />
    <ClInclude Include="ContentsCore.h" />
    <ClInclude Include="TitleLogo.h">
      <Filter>Title</Filter>
    </ClInclude>
    <ClInclude Include="Monster.h">
      <Filter>Title</Filter>
    </ClInclude>
    <ClInclude Include="ContentsEditorGUI.h">
      <Filter>GUI</Filter>
    </ClInclude>
    <ClInclude Include="Monster2.h">
      <Filter>Title</Filter>
    </ClInclude>
    <ClInclude Include="GMConst.h" />
    <ClInclude Include="AMon.h">
      <Filter>Title</Filter>
    </ClInclude>
    <ClInclude Include="TitleHUD.h">
      <Filter>HUD</Filter>
    </ClInclude>
    <ClInclude Include="TestLevel.h">
      <Filter>&gt;&gt;&gt; Test &lt;&lt;&lt;</Filter>
    </ClInclude>
    <ClInclude Include="TestActor.h">
      <Filter>&gt;&gt;&gt; Test &lt;&lt;&lt;</Filter>
    </ClInclude>
    <ClInclude Include="MyCustomRenderer.h">
      <Filter>&gt;&gt;&gt; Test &lt;&lt;&lt;</Filter>
    </ClInclude>
  </ItemGroup>
  <ItemGroup>
    <ClCompile Include="Player.cpp" />
    <ClCompile Include="PreCompile.cpp" />
    <ClCompile Include="ContentsCore.cpp" />
    <ClCompile Include="TitleLogo.cpp">
      <Filter>Title</Filter>
    </ClCompile>
    <ClCompile Include="ContentsCore_Resources.cpp" />
    <ClCompile Include="Monster.cpp">
      <Filter>Title</Filter>
    </ClCompile>
    <ClCompile Include="ContentsEditorGUI.cpp">
      <Filter>GUI</Filter>
    </ClCompile>
    <ClCompile Include="Monster2.cpp">
      <Filter>Title</Filter>
    </ClCompile>
    <ClCompile Include="AMon.cpp">
      <Filter>Title</Filter>
    </ClCompile>
    <ClCompile Include="TitleHUD.cpp">
      <Filter>HUD</Filter>
    </ClCompile>
    <ClCompile Include="TestLevel.cpp">
      <Filter>&gt;&gt;&gt; Test &lt;&lt;&lt;</Filter>
    </ClCompile>
    <ClCompile Include="TestActor.cpp">
      <Filter>&gt;&gt;&gt; Test &lt;&lt;&lt;</Filter>
    </ClCompile>
    <ClCompile Include="MyCustomRenderer.cpp">
      <Filter>&gt;&gt;&gt; Test &lt;&lt;&lt;</Filter>
    </ClCompile>
  </ItemGroup>
  <ItemGroup>
    <Filter Include="GameMode">
      <UniqueIdentifier>{b30b3464-9fea-42bc-a269-6d65ecf4f6c0}</UniqueIdentifier>
    </Filter>
    <Filter Include="Title">
      <UniqueIdentifier>{b8c8ade7-800f-4020-890f-43e613f26276}</UniqueIdentifier>
    </Filter>
    <Filter Include="Render">
      <UniqueIdentifier>{00b22cb0-38ad-4f90-9885-863b07f1e2f0}</UniqueIdentifier>
    </Filter>
    <Filter Include="GUI">
      <UniqueIdentifier>{15aa3c0d-7b41-4e15-93c0-0228acabc02d}</UniqueIdentifier>
    </Filter>
    <Filter Include="HUD">
      <UniqueIdentifier>{2fc0cad0-7fd5-46fe-876b-90d7d52a5dc1}</UniqueIdentifier>
    </Filter>
    <Filter Include="&gt;&gt;&gt; Test &lt;&lt;&lt;">
      <UniqueIdentifier>{687a6dd9-14dd-4e25-afaf-48eb34d5dcf4}</UniqueIdentifier>
    </Filter>
  </ItemGroup>
</Project>